// !$*UTF8*$!
{
	archiveVersion = 1;
	classes = {
	};
	objectVersion = 50;
	objects = {

/* Begin PBXBuildFile section */
		31F5620DCB4977CBD7638B2F /* Pods_RecipeFlicker.framework in Frameworks */ = {isa = PBXBuildFile; fileRef = 0BD4CF2823652DBAA0436DAF /* Pods_RecipeFlicker.framework */; };
		86E6C61601DA69BA14B939BA /* Pods_RecipeFlicker_RecipeFlickerUITests.framework in Frameworks */ = {isa = PBXBuildFile; fileRef = A5964FD74765DF41370F72B2 /* Pods_RecipeFlicker_RecipeFlickerUITests.framework */; };
		D8376C92218935A400E2404A /* CollectionViewCellForList.swift in Sources */ = {isa = PBXBuildFile; fileRef = D8376C91218935A400E2404A /* CollectionViewCellForList.swift */; };
		D8376C94218935B900E2404A /* CollectionViewCellForGrid.swift in Sources */ = {isa = PBXBuildFile; fileRef = D8376C93218935B900E2404A /* CollectionViewCellForGrid.swift */; };
		D89711F8218A110B00CF7EF1 /* ReplicaRecipeFactory.swift in Sources */ = {isa = PBXBuildFile; fileRef = D89711F7218A110B00CF7EF1 /* ReplicaRecipeFactory.swift */; };
		D8CF7B0021823C9C00979729 /* GridFlowLayout.swift in Sources */ = {isa = PBXBuildFile; fileRef = D8CF7AFF21823C9C00979729 /* GridFlowLayout.swift */; };
		D8DFF6902198B60E004C3558 /* Collection.storyboard in Resources */ = {isa = PBXBuildFile; fileRef = D8DFF68F2198B60E004C3558 /* Collection.storyboard */; };
		D8DFF6922198B652004C3558 /* CollectionVC.swift in Sources */ = {isa = PBXBuildFile; fileRef = D8DFF6912198B652004C3558 /* CollectionVC.swift */; };
		D8F128DF2188DBEA00DABF2F /* ListFlowLayout.swift in Sources */ = {isa = PBXBuildFile; fileRef = D8F128DE2188DBEA00DABF2F /* ListFlowLayout.swift */; };
		D8F128E12188F7BA00DABF2F /* ReplicaRecipe.swift in Sources */ = {isa = PBXBuildFile; fileRef = D8F128E02188F7BA00DABF2F /* ReplicaRecipe.swift */; };
		ED00508A21802CDD00038FBA /* CardView.xib in Resources */ = {isa = PBXBuildFile; fileRef = ED00508921802CDD00038FBA /* CardView.xib */; };
		ED0AFC112175C602009A2976 /* FavoriteVC.swift in Sources */ = {isa = PBXBuildFile; fileRef = ED0AFC102175C602009A2976 /* FavoriteVC.swift */; };
		ED0AFC132175C618009A2976 /* Favorite.storyboard in Resources */ = {isa = PBXBuildFile; fileRef = ED0AFC122175C618009A2976 /* Favorite.storyboard */; };
		ED0AFC152175C739009A2976 /* Home.storyboard in Resources */ = {isa = PBXBuildFile; fileRef = ED0AFC142175C739009A2976 /* Home.storyboard */; };
		ED0AFC182175C791009A2976 /* Detail.storyboard in Resources */ = {isa = PBXBuildFile; fileRef = ED0AFC172175C791009A2976 /* Detail.storyboard */; };
		ED0AFC1A2175C7A1009A2976 /* DetailVC.swift in Sources */ = {isa = PBXBuildFile; fileRef = ED0AFC192175C7A1009A2976 /* DetailVC.swift */; };
		ED414A84218269F200903FE3 /* GoogleService-Info.plist in Resources */ = {isa = PBXBuildFile; fileRef = ED414A83218269F200903FE3 /* GoogleService-Info.plist */; };
		ED422676218FC807004F92BA /* Collection.swift in Sources */ = {isa = PBXBuildFile; fileRef = ED422675218FC807004F92BA /* Collection.swift */; };
		ED599C8B21757B3C0007E929 /* AppDelegate.swift in Sources */ = {isa = PBXBuildFile; fileRef = ED599C8A21757B3C0007E929 /* AppDelegate.swift */; };
		ED599C8D21757B3C0007E929 /* HomeVC.swift in Sources */ = {isa = PBXBuildFile; fileRef = ED599C8C21757B3C0007E929 /* HomeVC.swift */; };
		ED599C9021757B3C0007E929 /* Main.storyboard in Resources */ = {isa = PBXBuildFile; fileRef = ED599C8E21757B3C0007E929 /* Main.storyboard */; };
		ED599C9521757B3D0007E929 /* Assets.xcassets in Resources */ = {isa = PBXBuildFile; fileRef = ED599C9421757B3D0007E929 /* Assets.xcassets */; };
		ED599C9821757B3D0007E929 /* LaunchScreen.storyboard in Resources */ = {isa = PBXBuildFile; fileRef = ED599C9621757B3D0007E929 /* LaunchScreen.storyboard */; };
		ED599CA321757B3D0007E929 /* RecipeFlickerTests.swift in Sources */ = {isa = PBXBuildFile; fileRef = ED599CA221757B3D0007E929 /* RecipeFlickerTests.swift */; };
		ED599CAE21757B3D0007E929 /* RecipeFlickerUITests.swift in Sources */ = {isa = PBXBuildFile; fileRef = ED599CAD21757B3D0007E929 /* RecipeFlickerUITests.swift */; };
		ED64A8382195410F00C62ADD /* Constants.swift in Sources */ = {isa = PBXBuildFile; fileRef = ED64A8372195410F00C62ADD /* Constants.swift */; };
		ED84CD38217E43F8009300C8 /* Recipe.swift in Sources */ = {isa = PBXBuildFile; fileRef = ED84CD37217E43F8009300C8 /* Recipe.swift */; };
		ED87083C21962A6F008675C5 /* UILabel+Extensions.swift in Sources */ = {isa = PBXBuildFile; fileRef = ED87083B21962A6F008675C5 /* UILabel+Extensions.swift */; };
		EDAC61FA218E0CF400C2DB22 /* AddCollection.storyboard in Resources */ = {isa = PBXBuildFile; fileRef = EDAC61F9218E0CF400C2DB22 /* AddCollection.storyboard */; };
		EDAC61FC218E0D1900C2DB22 /* AddCollectionVC.swift in Sources */ = {isa = PBXBuildFile; fileRef = EDAC61FB218E0D1900C2DB22 /* AddCollectionVC.swift */; };
		EDAC61FF218E113E00C2DB22 /* SelectRecipesToAdd.storyboard in Resources */ = {isa = PBXBuildFile; fileRef = EDAC61FE218E113E00C2DB22 /* SelectRecipesToAdd.storyboard */; };
		EDAC6201218E115400C2DB22 /* SelectReciepsToAddVC.swift in Sources */ = {isa = PBXBuildFile; fileRef = EDAC6200218E115400C2DB22 /* SelectReciepsToAddVC.swift */; };
		EDC64794218C29980000DF9F /* UItableView+Extensions.swift in Sources */ = {isa = PBXBuildFile; fileRef = EDC64792218C29980000DF9F /* UItableView+Extensions.swift */; };
		EDC64795218C29980000DF9F /* UICollectionView+Extensions.swift in Sources */ = {isa = PBXBuildFile; fileRef = EDC64793218C29980000DF9F /* UICollectionView+Extensions.swift */; };
		EDC64797218C2B0A0000DF9F /* RLMUser.swift in Sources */ = {isa = PBXBuildFile; fileRef = EDC64796218C2B0A0000DF9F /* RLMUser.swift */; };
		EDC8465D217FC4A600C3543A /* Colors.swift in Sources */ = {isa = PBXBuildFile; fileRef = EDC8465C217FC4A600C3543A /* Colors.swift */; };
		EDC84660217FDB6200C3543A /* UITextField+Extensions.swift in Sources */ = {isa = PBXBuildFile; fileRef = EDC8465E217FDB6100C3543A /* UITextField+Extensions.swift */; };
		EDC84661217FDB6200C3543A /* UITextView+Extensions.swift in Sources */ = {isa = PBXBuildFile; fileRef = EDC8465F217FDB6200C3543A /* UITextView+Extensions.swift */; };
		EDC84667217FFD3600C3543A /* CardView.swift in Sources */ = {isa = PBXBuildFile; fileRef = EDC84666217FFD3600C3543A /* CardView.swift */; };
		EDE38B1B21765EDC00D088EF /* RecipeAPI.swift in Sources */ = {isa = PBXBuildFile; fileRef = EDE38B1A21765EDC00D088EF /* RecipeAPI.swift */; };
		EDFAA31E218FF6E400EF99D1 /* RecipeListTableViewCell.swift in Sources */ = {isa = PBXBuildFile; fileRef = EDFAA31C218FF6E400EF99D1 /* RecipeListTableViewCell.swift */; };
		EDFAA31F218FF6E400EF99D1 /* RecipeListTableViewCell.xib in Resources */ = {isa = PBXBuildFile; fileRef = EDFAA31D218FF6E400EF99D1 /* RecipeListTableViewCell.xib */; };
		F5D9DB54A52C445A2E3F6872 /* Pods_RecipeFlicker_RecipeFlickerTests.framework in Frameworks */ = {isa = PBXBuildFile; fileRef = 50786DAC99E06141DC71A2AE /* Pods_RecipeFlicker_RecipeFlickerTests.framework */; };
/* End PBXBuildFile section */

/* Begin PBXContainerItemProxy section */
		ED599C9F21757B3D0007E929 /* PBXContainerItemProxy */ = {
			isa = PBXContainerItemProxy;
			containerPortal = ED599C7F21757B3C0007E929 /* Project object */;
			proxyType = 1;
			remoteGlobalIDString = ED599C8621757B3C0007E929;
			remoteInfo = RecipeFlicker;
		};
		ED599CAA21757B3D0007E929 /* PBXContainerItemProxy */ = {
			isa = PBXContainerItemProxy;
			containerPortal = ED599C7F21757B3C0007E929 /* Project object */;
			proxyType = 1;
			remoteGlobalIDString = ED599C8621757B3C0007E929;
			remoteInfo = RecipeFlicker;
		};
/* End PBXContainerItemProxy section */

/* Begin PBXFileReference section */
		0BD4CF2823652DBAA0436DAF /* Pods_RecipeFlicker.framework */ = {isa = PBXFileReference; explicitFileType = wrapper.framework; includeInIndex = 0; path = Pods_RecipeFlicker.framework; sourceTree = BUILT_PRODUCTS_DIR; };
		1E38D44694D0529CE536EC0D /* Pods-RecipeFlicker-RecipeFlickerUITests.release.xcconfig */ = {isa = PBXFileReference; includeInIndex = 1; lastKnownFileType = text.xcconfig; name = "Pods-RecipeFlicker-RecipeFlickerUITests.release.xcconfig"; path = "Pods/Target Support Files/Pods-RecipeFlicker-RecipeFlickerUITests/Pods-RecipeFlicker-RecipeFlickerUITests.release.xcconfig"; sourceTree = "<group>"; };
		25BD10DFEDF1CB1DB1E20795 /* Pods-RecipeFlicker-RecipeFlickerTests.debug.xcconfig */ = {isa = PBXFileReference; includeInIndex = 1; lastKnownFileType = text.xcconfig; name = "Pods-RecipeFlicker-RecipeFlickerTests.debug.xcconfig"; path = "Pods/Target Support Files/Pods-RecipeFlicker-RecipeFlickerTests/Pods-RecipeFlicker-RecipeFlickerTests.debug.xcconfig"; sourceTree = "<group>"; };
		50786DAC99E06141DC71A2AE /* Pods_RecipeFlicker_RecipeFlickerTests.framework */ = {isa = PBXFileReference; explicitFileType = wrapper.framework; includeInIndex = 0; path = Pods_RecipeFlicker_RecipeFlickerTests.framework; sourceTree = BUILT_PRODUCTS_DIR; };
		A5964FD74765DF41370F72B2 /* Pods_RecipeFlicker_RecipeFlickerUITests.framework */ = {isa = PBXFileReference; explicitFileType = wrapper.framework; includeInIndex = 0; path = Pods_RecipeFlicker_RecipeFlickerUITests.framework; sourceTree = BUILT_PRODUCTS_DIR; };
		AFF8DCB4FF23BC923C4A7893 /* Pods-RecipeFlicker.debug.xcconfig */ = {isa = PBXFileReference; includeInIndex = 1; lastKnownFileType = text.xcconfig; name = "Pods-RecipeFlicker.debug.xcconfig"; path = "Pods/Target Support Files/Pods-RecipeFlicker/Pods-RecipeFlicker.debug.xcconfig"; sourceTree = "<group>"; };
		C5BBB698E04B1BCC87E94112 /* Pods-RecipeFlicker-RecipeFlickerUITests.debug.xcconfig */ = {isa = PBXFileReference; includeInIndex = 1; lastKnownFileType = text.xcconfig; name = "Pods-RecipeFlicker-RecipeFlickerUITests.debug.xcconfig"; path = "Pods/Target Support Files/Pods-RecipeFlicker-RecipeFlickerUITests/Pods-RecipeFlicker-RecipeFlickerUITests.debug.xcconfig"; sourceTree = "<group>"; };
		D8376C91218935A400E2404A /* CollectionViewCellForList.swift */ = {isa = PBXFileReference; lastKnownFileType = sourcecode.swift; path = CollectionViewCellForList.swift; sourceTree = "<group>"; };
		D8376C93218935B900E2404A /* CollectionViewCellForGrid.swift */ = {isa = PBXFileReference; lastKnownFileType = sourcecode.swift; path = CollectionViewCellForGrid.swift; sourceTree = "<group>"; };
		D89711F7218A110B00CF7EF1 /* ReplicaRecipeFactory.swift */ = {isa = PBXFileReference; fileEncoding = 4; lastKnownFileType = sourcecode.swift; path = ReplicaRecipeFactory.swift; sourceTree = "<group>"; };
		D8CF7AFF21823C9C00979729 /* GridFlowLayout.swift */ = {isa = PBXFileReference; lastKnownFileType = sourcecode.swift; path = GridFlowLayout.swift; sourceTree = "<group>"; };
		D8DFF68F2198B60E004C3558 /* Collection.storyboard */ = {isa = PBXFileReference; lastKnownFileType = file.storyboard; path = Collection.storyboard; sourceTree = "<group>"; };
		D8DFF6912198B652004C3558 /* CollectionVC.swift */ = {isa = PBXFileReference; lastKnownFileType = sourcecode.swift; path = CollectionVC.swift; sourceTree = "<group>"; };
		D8F128DE2188DBEA00DABF2F /* ListFlowLayout.swift */ = {isa = PBXFileReference; lastKnownFileType = sourcecode.swift; path = ListFlowLayout.swift; sourceTree = "<group>"; };
		D8F128E02188F7BA00DABF2F /* ReplicaRecipe.swift */ = {isa = PBXFileReference; lastKnownFileType = sourcecode.swift; path = ReplicaRecipe.swift; sourceTree = "<group>"; };
		D9AA5377724BE8528660A2F7 /* Pods-RecipeFlicker-RecipeFlickerTests.release.xcconfig */ = {isa = PBXFileReference; includeInIndex = 1; lastKnownFileType = text.xcconfig; name = "Pods-RecipeFlicker-RecipeFlickerTests.release.xcconfig"; path = "Pods/Target Support Files/Pods-RecipeFlicker-RecipeFlickerTests/Pods-RecipeFlicker-RecipeFlickerTests.release.xcconfig"; sourceTree = "<group>"; };
		ED00508921802CDD00038FBA /* CardView.xib */ = {isa = PBXFileReference; lastKnownFileType = file.xib; path = CardView.xib; sourceTree = "<group>"; };
		ED0AFC102175C602009A2976 /* FavoriteVC.swift */ = {isa = PBXFileReference; lastKnownFileType = sourcecode.swift; path = FavoriteVC.swift; sourceTree = "<group>"; };
		ED0AFC122175C618009A2976 /* Favorite.storyboard */ = {isa = PBXFileReference; lastKnownFileType = file.storyboard; path = Favorite.storyboard; sourceTree = "<group>"; };
		ED0AFC142175C739009A2976 /* Home.storyboard */ = {isa = PBXFileReference; lastKnownFileType = file.storyboard; path = Home.storyboard; sourceTree = "<group>"; };
		ED0AFC172175C791009A2976 /* Detail.storyboard */ = {isa = PBXFileReference; lastKnownFileType = file.storyboard; path = Detail.storyboard; sourceTree = "<group>"; };
		ED0AFC192175C7A1009A2976 /* DetailVC.swift */ = {isa = PBXFileReference; lastKnownFileType = sourcecode.swift; path = DetailVC.swift; sourceTree = "<group>"; };
		ED0AFC1B2175CBF5009A2976 /* GUIDELINE.md */ = {isa = PBXFileReference; lastKnownFileType = net.daringfireball.markdown; path = GUIDELINE.md; sourceTree = "<group>"; };
		ED414A83218269F200903FE3 /* GoogleService-Info.plist */ = {isa = PBXFileReference; fileEncoding = 4; lastKnownFileType = text.plist.xml; path = "GoogleService-Info.plist"; sourceTree = "<group>"; };
		ED422675218FC807004F92BA /* Collection.swift */ = {isa = PBXFileReference; lastKnownFileType = sourcecode.swift; path = Collection.swift; sourceTree = "<group>"; };
		ED599C8721757B3C0007E929 /* RecipeFlicker.app */ = {isa = PBXFileReference; explicitFileType = wrapper.application; includeInIndex = 0; path = RecipeFlicker.app; sourceTree = BUILT_PRODUCTS_DIR; };
		ED599C8A21757B3C0007E929 /* AppDelegate.swift */ = {isa = PBXFileReference; lastKnownFileType = sourcecode.swift; path = AppDelegate.swift; sourceTree = "<group>"; };
		ED599C8C21757B3C0007E929 /* HomeVC.swift */ = {isa = PBXFileReference; lastKnownFileType = sourcecode.swift; path = HomeVC.swift; sourceTree = "<group>"; };
		ED599C8F21757B3C0007E929 /* Base */ = {isa = PBXFileReference; lastKnownFileType = file.storyboard; name = Base; path = Base.lproj/Main.storyboard; sourceTree = "<group>"; };
		ED599C9421757B3D0007E929 /* Assets.xcassets */ = {isa = PBXFileReference; lastKnownFileType = folder.assetcatalog; path = Assets.xcassets; sourceTree = "<group>"; };
		ED599C9721757B3D0007E929 /* Base */ = {isa = PBXFileReference; lastKnownFileType = file.storyboard; name = Base; path = Base.lproj/LaunchScreen.storyboard; sourceTree = "<group>"; };
		ED599C9921757B3D0007E929 /* Info.plist */ = {isa = PBXFileReference; lastKnownFileType = text.plist.xml; path = Info.plist; sourceTree = "<group>"; };
		ED599C9E21757B3D0007E929 /* RecipeFlickerTests.xctest */ = {isa = PBXFileReference; explicitFileType = wrapper.cfbundle; includeInIndex = 0; path = RecipeFlickerTests.xctest; sourceTree = BUILT_PRODUCTS_DIR; };
		ED599CA221757B3D0007E929 /* RecipeFlickerTests.swift */ = {isa = PBXFileReference; lastKnownFileType = sourcecode.swift; path = RecipeFlickerTests.swift; sourceTree = "<group>"; };
		ED599CA421757B3D0007E929 /* Info.plist */ = {isa = PBXFileReference; lastKnownFileType = text.plist.xml; path = Info.plist; sourceTree = "<group>"; };
		ED599CA921757B3D0007E929 /* RecipeFlickerUITests.xctest */ = {isa = PBXFileReference; explicitFileType = wrapper.cfbundle; includeInIndex = 0; path = RecipeFlickerUITests.xctest; sourceTree = BUILT_PRODUCTS_DIR; };
		ED599CAD21757B3D0007E929 /* RecipeFlickerUITests.swift */ = {isa = PBXFileReference; lastKnownFileType = sourcecode.swift; path = RecipeFlickerUITests.swift; sourceTree = "<group>"; };
		ED599CAF21757B3D0007E929 /* Info.plist */ = {isa = PBXFileReference; lastKnownFileType = text.plist.xml; path = Info.plist; sourceTree = "<group>"; };
		ED64A8372195410F00C62ADD /* Constants.swift */ = {isa = PBXFileReference; lastKnownFileType = sourcecode.swift; path = Constants.swift; sourceTree = "<group>"; };
		ED84CD37217E43F8009300C8 /* Recipe.swift */ = {isa = PBXFileReference; lastKnownFileType = sourcecode.swift; path = Recipe.swift; sourceTree = "<group>"; };
		ED87083B21962A6F008675C5 /* UILabel+Extensions.swift */ = {isa = PBXFileReference; lastKnownFileType = sourcecode.swift; path = "UILabel+Extensions.swift"; sourceTree = "<group>"; };
		EDAC61F9218E0CF400C2DB22 /* AddCollection.storyboard */ = {isa = PBXFileReference; lastKnownFileType = file.storyboard; path = AddCollection.storyboard; sourceTree = "<group>"; };
		EDAC61FB218E0D1900C2DB22 /* AddCollectionVC.swift */ = {isa = PBXFileReference; lastKnownFileType = sourcecode.swift; path = AddCollectionVC.swift; sourceTree = "<group>"; };
		EDAC61FE218E113E00C2DB22 /* SelectRecipesToAdd.storyboard */ = {isa = PBXFileReference; lastKnownFileType = file.storyboard; path = SelectRecipesToAdd.storyboard; sourceTree = "<group>"; };
		EDAC6200218E115400C2DB22 /* SelectReciepsToAddVC.swift */ = {isa = PBXFileReference; lastKnownFileType = sourcecode.swift; path = SelectReciepsToAddVC.swift; sourceTree = "<group>"; };
		EDC53CB3654CC760F1E35277 /* Pods-RecipeFlicker.release.xcconfig */ = {isa = PBXFileReference; includeInIndex = 1; lastKnownFileType = text.xcconfig; name = "Pods-RecipeFlicker.release.xcconfig"; path = "Pods/Target Support Files/Pods-RecipeFlicker/Pods-RecipeFlicker.release.xcconfig"; sourceTree = "<group>"; };
		EDC64792218C29980000DF9F /* UItableView+Extensions.swift */ = {isa = PBXFileReference; fileEncoding = 4; lastKnownFileType = sourcecode.swift; path = "UItableView+Extensions.swift"; sourceTree = "<group>"; };
		EDC64793218C29980000DF9F /* UICollectionView+Extensions.swift */ = {isa = PBXFileReference; fileEncoding = 4; lastKnownFileType = sourcecode.swift; path = "UICollectionView+Extensions.swift"; sourceTree = "<group>"; };
		EDC64796218C2B0A0000DF9F /* RLMUser.swift */ = {isa = PBXFileReference; lastKnownFileType = sourcecode.swift; path = RLMUser.swift; sourceTree = "<group>"; };
		EDC8465C217FC4A600C3543A /* Colors.swift */ = {isa = PBXFileReference; lastKnownFileType = sourcecode.swift; path = Colors.swift; sourceTree = "<group>"; };
		EDC8465E217FDB6100C3543A /* UITextField+Extensions.swift */ = {isa = PBXFileReference; fileEncoding = 4; lastKnownFileType = sourcecode.swift; path = "UITextField+Extensions.swift"; sourceTree = "<group>"; };
		EDC8465F217FDB6200C3543A /* UITextView+Extensions.swift */ = {isa = PBXFileReference; fileEncoding = 4; lastKnownFileType = sourcecode.swift; path = "UITextView+Extensions.swift"; sourceTree = "<group>"; };
		EDC84666217FFD3600C3543A /* CardView.swift */ = {isa = PBXFileReference; lastKnownFileType = sourcecode.swift; path = CardView.swift; sourceTree = "<group>"; };
		EDCFB53921771A4A00EE7D1B /* README.md */ = {isa = PBXFileReference; lastKnownFileType = net.daringfireball.markdown; path = README.md; sourceTree = "<group>"; };
		EDE38B1A21765EDC00D088EF /* RecipeAPI.swift */ = {isa = PBXFileReference; lastKnownFileType = sourcecode.swift; path = RecipeAPI.swift; sourceTree = "<group>"; };
		EDFAA31C218FF6E400EF99D1 /* RecipeListTableViewCell.swift */ = {isa = PBXFileReference; lastKnownFileType = sourcecode.swift; path = RecipeListTableViewCell.swift; sourceTree = "<group>"; };
		EDFAA31D218FF6E400EF99D1 /* RecipeListTableViewCell.xib */ = {isa = PBXFileReference; lastKnownFileType = file.xib; path = RecipeListTableViewCell.xib; sourceTree = "<group>"; };
/* End PBXFileReference section */

/* Begin PBXFrameworksBuildPhase section */
		ED599C8421757B3C0007E929 /* Frameworks */ = {
			isa = PBXFrameworksBuildPhase;
			buildActionMask = 2147483647;
			files = (
				31F5620DCB4977CBD7638B2F /* Pods_RecipeFlicker.framework in Frameworks */,
			);
			runOnlyForDeploymentPostprocessing = 0;
		};
		ED599C9B21757B3D0007E929 /* Frameworks */ = {
			isa = PBXFrameworksBuildPhase;
			buildActionMask = 2147483647;
			files = (
				F5D9DB54A52C445A2E3F6872 /* Pods_RecipeFlicker_RecipeFlickerTests.framework in Frameworks */,
			);
			runOnlyForDeploymentPostprocessing = 0;
		};
		ED599CA621757B3D0007E929 /* Frameworks */ = {
			isa = PBXFrameworksBuildPhase;
			buildActionMask = 2147483647;
			files = (
				86E6C61601DA69BA14B939BA /* Pods_RecipeFlicker_RecipeFlickerUITests.framework in Frameworks */,
			);
			runOnlyForDeploymentPostprocessing = 0;
		};
/* End PBXFrameworksBuildPhase section */

/* Begin PBXGroup section */
		1D2BA173889B7501A0AA95B5 /* Frameworks */ = {
			isa = PBXGroup;
			children = (
				0BD4CF2823652DBAA0436DAF /* Pods_RecipeFlicker.framework */,
				50786DAC99E06141DC71A2AE /* Pods_RecipeFlicker_RecipeFlickerTests.framework */,
				A5964FD74765DF41370F72B2 /* Pods_RecipeFlicker_RecipeFlickerUITests.framework */,
			);
			name = Frameworks;
			sourceTree = "<group>";
		};
		B10CF21E7878A660CE33E034 /* Pods */ = {
			isa = PBXGroup;
			children = (
				AFF8DCB4FF23BC923C4A7893 /* Pods-RecipeFlicker.debug.xcconfig */,
				EDC53CB3654CC760F1E35277 /* Pods-RecipeFlicker.release.xcconfig */,
				25BD10DFEDF1CB1DB1E20795 /* Pods-RecipeFlicker-RecipeFlickerTests.debug.xcconfig */,
				D9AA5377724BE8528660A2F7 /* Pods-RecipeFlicker-RecipeFlickerTests.release.xcconfig */,
				C5BBB698E04B1BCC87E94112 /* Pods-RecipeFlicker-RecipeFlickerUITests.debug.xcconfig */,
				1E38D44694D0529CE536EC0D /* Pods-RecipeFlicker-RecipeFlickerUITests.release.xcconfig */,
			);
			name = Pods;
			sourceTree = "<group>";
		};
		D8DFF68E2198B5D9004C3558 /* Collection */ = {
			isa = PBXGroup;
			children = (
				D8DFF68F2198B60E004C3558 /* Collection.storyboard */,
				D8DFF6912198B652004C3558 /* CollectionVC.swift */,
			);
			path = Collection;
			sourceTree = "<group>";
		};
		ED0AFC0F2175C5E7009A2976 /* Favorite */ = {
			isa = PBXGroup;
			children = (
				D89711F7218A110B00CF7EF1 /* ReplicaRecipeFactory.swift */,
				ED0AFC122175C618009A2976 /* Favorite.storyboard */,
				ED0AFC102175C602009A2976 /* FavoriteVC.swift */,
				D8F128E02188F7BA00DABF2F /* ReplicaRecipe.swift */,
			);
			path = Favorite;
			sourceTree = "<group>";
		};
		ED0AFC162175C776009A2976 /* Detail */ = {
			isa = PBXGroup;
			children = (
				ED0AFC192175C7A1009A2976 /* DetailVC.swift */,
				ED0AFC172175C791009A2976 /* Detail.storyboard */,
			);
			path = Detail;
			sourceTree = "<group>";
		};
		ED599C7E21757B3C0007E929 = {
			isa = PBXGroup;
			children = (
				EDCFB53921771A4A00EE7D1B /* README.md */,
				ED0AFC1B2175CBF5009A2976 /* GUIDELINE.md */,
				ED599C8921757B3C0007E929 /* RecipeFlicker */,
				ED599CA121757B3D0007E929 /* RecipeFlickerTests */,
				ED599CAC21757B3D0007E929 /* RecipeFlickerUITests */,
				ED599C8821757B3C0007E929 /* Products */,
				B10CF21E7878A660CE33E034 /* Pods */,
				1D2BA173889B7501A0AA95B5 /* Frameworks */,
			);
			sourceTree = "<group>";
		};
		ED599C8821757B3C0007E929 /* Products */ = {
			isa = PBXGroup;
			children = (
				ED599C8721757B3C0007E929 /* RecipeFlicker.app */,
				ED599C9E21757B3D0007E929 /* RecipeFlickerTests.xctest */,
				ED599CA921757B3D0007E929 /* RecipeFlickerUITests.xctest */,
			);
			name = Products;
			sourceTree = "<group>";
		};
		ED599C8921757B3C0007E929 /* RecipeFlicker */ = {
			isa = PBXGroup;
			children = (
				ED599C9921757B3D0007E929 /* Info.plist */,
				ED599C8A21757B3C0007E929 /* AppDelegate.swift */,
				ED599CBF21757C370007E929 /* Data */,
				EDC8465B217FC43F00C3543A /* Extensions */,
				ED599CBE21757C2C0007E929 /* Model */,
				ED599CBC21757B8B0007E929 /* Screens */,
				ED599CBB21757B440007E929 /* Supporting Files */,
				ED414A83218269F200903FE3 /* GoogleService-Info.plist */,
			);
			path = RecipeFlicker;
			sourceTree = "<group>";
		};
		ED599CA121757B3D0007E929 /* RecipeFlickerTests */ = {
			isa = PBXGroup;
			children = (
				ED599CA221757B3D0007E929 /* RecipeFlickerTests.swift */,
				ED599CA421757B3D0007E929 /* Info.plist */,
			);
			path = RecipeFlickerTests;
			sourceTree = "<group>";
		};
		ED599CAC21757B3D0007E929 /* RecipeFlickerUITests */ = {
			isa = PBXGroup;
			children = (
				ED599CAD21757B3D0007E929 /* RecipeFlickerUITests.swift */,
				ED599CAF21757B3D0007E929 /* Info.plist */,
			);
			path = RecipeFlickerUITests;
			sourceTree = "<group>";
		};
		ED599CBB21757B440007E929 /* Supporting Files */ = {
			isa = PBXGroup;
			children = (
				ED599C9421757B3D0007E929 /* Assets.xcassets */,
				ED599C9621757B3D0007E929 /* LaunchScreen.storyboard */,
				ED64A8372195410F00C62ADD /* Constants.swift */,
			);
			path = "Supporting Files";
			sourceTree = "<group>";
		};
		ED599CBC21757B8B0007E929 /* Screens */ = {
			isa = PBXGroup;
			children = (
				D8DFF68E2198B5D9004C3558 /* Collection */,
				EDAC61FD218E112400C2DB22 /* SelectRecipesToAdd */,
				EDAC61F8218E0CCC00C2DB22 /* AddCollection */,
				ED599C8E21757B3C0007E929 /* Main.storyboard */,
				EDC84662217FFB9600C3543A /* Common */,
				ED599CBD21757B920007E929 /* Home */,
				ED0AFC0F2175C5E7009A2976 /* Favorite */,
				ED0AFC162175C776009A2976 /* Detail */,
			);
			path = Screens;
			sourceTree = "<group>";
		};
		ED599CBD21757B920007E929 /* Home */ = {
			isa = PBXGroup;
			children = (
				ED599C8C21757B3C0007E929 /* HomeVC.swift */,
				ED0AFC142175C739009A2976 /* Home.storyboard */,
			);
			path = Home;
			sourceTree = "<group>";
		};
		ED599CBE21757C2C0007E929 /* Model */ = {
			isa = PBXGroup;
			children = (
				ED84CD37217E43F8009300C8 /* Recipe.swift */,
				EDC64796218C2B0A0000DF9F /* RLMUser.swift */,
				ED422675218FC807004F92BA /* Collection.swift */,
			);
			path = Model;
			sourceTree = "<group>";
		};
		ED599CBF21757C370007E929 /* Data */ = {
			isa = PBXGroup;
			children = (
				EDE38B1A21765EDC00D088EF /* RecipeAPI.swift */,
			);
			path = Data;
			sourceTree = "<group>";
		};
		EDAC61F8218E0CCC00C2DB22 /* AddCollection */ = {
			isa = PBXGroup;
			children = (
				EDAC61F9218E0CF400C2DB22 /* AddCollection.storyboard */,
				EDAC61FB218E0D1900C2DB22 /* AddCollectionVC.swift */,
			);
			path = AddCollection;
			sourceTree = "<group>";
		};
		EDAC61FD218E112400C2DB22 /* SelectRecipesToAdd */ = {
			isa = PBXGroup;
			children = (
				EDAC61FE218E113E00C2DB22 /* SelectRecipesToAdd.storyboard */,
				EDAC6200218E115400C2DB22 /* SelectReciepsToAddVC.swift */,
			);
			path = SelectRecipesToAdd;
			sourceTree = "<group>";
		};
		EDAC6202218E16D000C2DB22 /* CollectionViewLayout */ = {
			isa = PBXGroup;
			children = (
				D8F128DE2188DBEA00DABF2F /* ListFlowLayout.swift */,
				D8CF7AFF21823C9C00979729 /* GridFlowLayout.swift */,
			);
			path = CollectionViewLayout;
			sourceTree = "<group>";
		};
		EDC8465B217FC43F00C3543A /* Extensions */ = {
			isa = PBXGroup;
			children = (
				EDC8465C217FC4A600C3543A /* Colors.swift */,
				EDC64793218C29980000DF9F /* UICollectionView+Extensions.swift */,
				EDC64792218C29980000DF9F /* UItableView+Extensions.swift */,
				EDC8465E217FDB6100C3543A /* UITextField+Extensions.swift */,
				EDC8465F217FDB6200C3543A /* UITextView+Extensions.swift */,
				ED87083B21962A6F008675C5 /* UILabel+Extensions.swift */,
			);
			path = Extensions;
			sourceTree = "<group>";
		};
		EDC84662217FFB9600C3543A /* Common */ = {
			isa = PBXGroup;
			children = (
				EDAC6202218E16D000C2DB22 /* CollectionViewLayout */,
				EDC84663217FFBA400C3543A /* Cell */,
				EDC84666217FFD3600C3543A /* CardView.swift */,
				ED00508921802CDD00038FBA /* CardView.xib */,
			);
			path = Common;
			sourceTree = "<group>";
		};
		EDC84663217FFBA400C3543A /* Cell */ = {
			isa = PBXGroup;
			children = (
				D8376C91218935A400E2404A /* CollectionViewCellForList.swift */,
				D8376C93218935B900E2404A /* CollectionViewCellForGrid.swift */,
				EDFAA31C218FF6E400EF99D1 /* RecipeListTableViewCell.swift */,
				EDFAA31D218FF6E400EF99D1 /* RecipeListTableViewCell.xib */,
			);
			path = Cell;
			sourceTree = "<group>";
		};
/* End PBXGroup section */

/* Begin PBXNativeTarget section */
		ED599C8621757B3C0007E929 /* RecipeFlicker */ = {
			isa = PBXNativeTarget;
			buildConfigurationList = ED599CB221757B3D0007E929 /* Build configuration list for PBXNativeTarget "RecipeFlicker" */;
			buildPhases = (
				2685B76123DDD89D99C0CE2B /* [CP] Check Pods Manifest.lock */,
				ED599C8321757B3C0007E929 /* Sources */,
				ED599C8421757B3C0007E929 /* Frameworks */,
				ED599C8521757B3C0007E929 /* Resources */,
				9E8DF72A0A27E7FC781C567A /* [CP] Embed Pods Frameworks */,
			);
			buildRules = (
			);
			dependencies = (
			);
			name = RecipeFlicker;
			productName = RecipeFlicker;
			productReference = ED599C8721757B3C0007E929 /* RecipeFlicker.app */;
			productType = "com.apple.product-type.application";
		};
		ED599C9D21757B3D0007E929 /* RecipeFlickerTests */ = {
			isa = PBXNativeTarget;
			buildConfigurationList = ED599CB521757B3D0007E929 /* Build configuration list for PBXNativeTarget "RecipeFlickerTests" */;
			buildPhases = (
				FA7080D2007D704B73A22B69 /* [CP] Check Pods Manifest.lock */,
				ED599C9A21757B3D0007E929 /* Sources */,
				ED599C9B21757B3D0007E929 /* Frameworks */,
				ED599C9C21757B3D0007E929 /* Resources */,
				4C31EB3572D83D4CB1AFBA2B /* [CP] Embed Pods Frameworks */,
			);
			buildRules = (
			);
			dependencies = (
				ED599CA021757B3D0007E929 /* PBXTargetDependency */,
			);
			name = RecipeFlickerTests;
			productName = RecipeFlickerTests;
			productReference = ED599C9E21757B3D0007E929 /* RecipeFlickerTests.xctest */;
			productType = "com.apple.product-type.bundle.unit-test";
		};
		ED599CA821757B3D0007E929 /* RecipeFlickerUITests */ = {
			isa = PBXNativeTarget;
			buildConfigurationList = ED599CB821757B3D0007E929 /* Build configuration list for PBXNativeTarget "RecipeFlickerUITests" */;
			buildPhases = (
				E9FB3D5207D0FF0495554330 /* [CP] Check Pods Manifest.lock */,
				ED599CA521757B3D0007E929 /* Sources */,
				ED599CA621757B3D0007E929 /* Frameworks */,
				ED599CA721757B3D0007E929 /* Resources */,
				831D3873A9501E3663095263 /* [CP] Embed Pods Frameworks */,
			);
			buildRules = (
			);
			dependencies = (
				ED599CAB21757B3D0007E929 /* PBXTargetDependency */,
			);
			name = RecipeFlickerUITests;
			productName = RecipeFlickerUITests;
			productReference = ED599CA921757B3D0007E929 /* RecipeFlickerUITests.xctest */;
			productType = "com.apple.product-type.bundle.ui-testing";
		};
/* End PBXNativeTarget section */

/* Begin PBXProject section */
		ED599C7F21757B3C0007E929 /* Project object */ = {
			isa = PBXProject;
			attributes = {
				LastSwiftUpdateCheck = 1000;
				LastUpgradeCheck = 1000;
				ORGANIZATIONNAME = "Kenta Kodashima";
				TargetAttributes = {
					ED599C8621757B3C0007E929 = {
						CreatedOnToolsVersion = 10.0;
					};
					ED599C9D21757B3D0007E929 = {
						CreatedOnToolsVersion = 10.0;
						TestTargetID = ED599C8621757B3C0007E929;
					};
					ED599CA821757B3D0007E929 = {
						CreatedOnToolsVersion = 10.0;
						TestTargetID = ED599C8621757B3C0007E929;
					};
				};
			};
			buildConfigurationList = ED599C8221757B3C0007E929 /* Build configuration list for PBXProject "RecipeFlicker" */;
			compatibilityVersion = "Xcode 9.3";
			developmentRegion = en;
			hasScannedForEncodings = 0;
			knownRegions = (
				en,
				Base,
			);
			mainGroup = ED599C7E21757B3C0007E929;
			productRefGroup = ED599C8821757B3C0007E929 /* Products */;
			projectDirPath = "";
			projectRoot = "";
			targets = (
				ED599C8621757B3C0007E929 /* RecipeFlicker */,
				ED599C9D21757B3D0007E929 /* RecipeFlickerTests */,
				ED599CA821757B3D0007E929 /* RecipeFlickerUITests */,
			);
		};
/* End PBXProject section */

/* Begin PBXResourcesBuildPhase section */
		ED599C8521757B3C0007E929 /* Resources */ = {
			isa = PBXResourcesBuildPhase;
			buildActionMask = 2147483647;
			files = (
				D8DFF6902198B60E004C3558 /* Collection.storyboard in Resources */,
				ED599C9821757B3D0007E929 /* LaunchScreen.storyboard in Resources */,
				EDAC61FF218E113E00C2DB22 /* SelectRecipesToAdd.storyboard in Resources */,
				ED414A84218269F200903FE3 /* GoogleService-Info.plist in Resources */,
				ED0AFC152175C739009A2976 /* Home.storyboard in Resources */,
				EDAC61FA218E0CF400C2DB22 /* AddCollection.storyboard in Resources */,
				EDFAA31F218FF6E400EF99D1 /* RecipeListTableViewCell.xib in Resources */,
				ED599C9521757B3D0007E929 /* Assets.xcassets in Resources */,
				ED00508A21802CDD00038FBA /* CardView.xib in Resources */,
				ED0AFC132175C618009A2976 /* Favorite.storyboard in Resources */,
				ED599C9021757B3C0007E929 /* Main.storyboard in Resources */,
				ED0AFC182175C791009A2976 /* Detail.storyboard in Resources */,
			);
			runOnlyForDeploymentPostprocessing = 0;
		};
		ED599C9C21757B3D0007E929 /* Resources */ = {
			isa = PBXResourcesBuildPhase;
			buildActionMask = 2147483647;
			files = (
			);
			runOnlyForDeploymentPostprocessing = 0;
		};
		ED599CA721757B3D0007E929 /* Resources */ = {
			isa = PBXResourcesBuildPhase;
			buildActionMask = 2147483647;
			files = (
			);
			runOnlyForDeploymentPostprocessing = 0;
		};
/* End PBXResourcesBuildPhase section */

/* Begin PBXShellScriptBuildPhase section */
		2685B76123DDD89D99C0CE2B /* [CP] Check Pods Manifest.lock */ = {
			isa = PBXShellScriptBuildPhase;
			buildActionMask = 2147483647;
			files = (
			);
			inputPaths = (
				"${PODS_PODFILE_DIR_PATH}/Podfile.lock",
				"${PODS_ROOT}/Manifest.lock",
			);
			name = "[CP] Check Pods Manifest.lock";
			outputPaths = (
				"$(DERIVED_FILE_DIR)/Pods-RecipeFlicker-checkManifestLockResult.txt",
			);
			runOnlyForDeploymentPostprocessing = 0;
			shellPath = /bin/sh;
			shellScript = "diff \"${PODS_PODFILE_DIR_PATH}/Podfile.lock\" \"${PODS_ROOT}/Manifest.lock\" > /dev/null\nif [ $? != 0 ] ; then\n    # print error to STDERR\n    echo \"error: The sandbox is not in sync with the Podfile.lock. Run 'pod install' or update your CocoaPods installation.\" >&2\n    exit 1\nfi\n# This output is used by Xcode 'outputs' to avoid re-running this script phase.\necho \"SUCCESS\" > \"${SCRIPT_OUTPUT_FILE_0}\"\n";
			showEnvVarsInLog = 0;
		};
		4C31EB3572D83D4CB1AFBA2B /* [CP] Embed Pods Frameworks */ = {
			isa = PBXShellScriptBuildPhase;
			buildActionMask = 2147483647;
			files = (
			);
			inputPaths = (
				"${SRCROOT}/Pods/Target Support Files/Pods-RecipeFlicker-RecipeFlickerTests/Pods-RecipeFlicker-RecipeFlickerTests-frameworks.sh",
				"${BUILT_PRODUCTS_DIR}/Alamofire/Alamofire.framework",
				"${BUILT_PRODUCTS_DIR}/GTMSessionFetcher/GTMSessionFetcher.framework",
				"${BUILT_PRODUCTS_DIR}/GoogleUtilities/GoogleUtilities.framework",
				"${BUILT_PRODUCTS_DIR}/Kingfisher/Kingfisher.framework",
				"${BUILT_PRODUCTS_DIR}/Koloda/Koloda.framework",
				"${BUILT_PRODUCTS_DIR}/Realm/Realm.framework",
				"${BUILT_PRODUCTS_DIR}/RealmSwift/RealmSwift.framework",
				"${BUILT_PRODUCTS_DIR}/SwiftyJSON/SwiftyJSON.framework",
				"${BUILT_PRODUCTS_DIR}/leveldb-library/leveldb.framework",
				"${BUILT_PRODUCTS_DIR}/nanopb/nanopb.framework",
				"${BUILT_PRODUCTS_DIR}/pop/pop.framework",
			);
			name = "[CP] Embed Pods Frameworks";
			outputPaths = (
				"${TARGET_BUILD_DIR}/${FRAMEWORKS_FOLDER_PATH}/Alamofire.framework",
				"${TARGET_BUILD_DIR}/${FRAMEWORKS_FOLDER_PATH}/GTMSessionFetcher.framework",
				"${TARGET_BUILD_DIR}/${FRAMEWORKS_FOLDER_PATH}/GoogleUtilities.framework",
				"${TARGET_BUILD_DIR}/${FRAMEWORKS_FOLDER_PATH}/Kingfisher.framework",
				"${TARGET_BUILD_DIR}/${FRAMEWORKS_FOLDER_PATH}/Koloda.framework",
				"${TARGET_BUILD_DIR}/${FRAMEWORKS_FOLDER_PATH}/Realm.framework",
				"${TARGET_BUILD_DIR}/${FRAMEWORKS_FOLDER_PATH}/RealmSwift.framework",
				"${TARGET_BUILD_DIR}/${FRAMEWORKS_FOLDER_PATH}/SwiftyJSON.framework",
				"${TARGET_BUILD_DIR}/${FRAMEWORKS_FOLDER_PATH}/leveldb.framework",
				"${TARGET_BUILD_DIR}/${FRAMEWORKS_FOLDER_PATH}/nanopb.framework",
				"${TARGET_BUILD_DIR}/${FRAMEWORKS_FOLDER_PATH}/pop.framework",
			);
			runOnlyForDeploymentPostprocessing = 0;
			shellPath = /bin/sh;
			shellScript = "\"${SRCROOT}/Pods/Target Support Files/Pods-RecipeFlicker-RecipeFlickerTests/Pods-RecipeFlicker-RecipeFlickerTests-frameworks.sh\"\n";
			showEnvVarsInLog = 0;
		};
		831D3873A9501E3663095263 /* [CP] Embed Pods Frameworks */ = {
			isa = PBXShellScriptBuildPhase;
			buildActionMask = 2147483647;
			files = (
			);
			inputPaths = (
				"${SRCROOT}/Pods/Target Support Files/Pods-RecipeFlicker-RecipeFlickerUITests/Pods-RecipeFlicker-RecipeFlickerUITests-frameworks.sh",
				"${BUILT_PRODUCTS_DIR}/Alamofire/Alamofire.framework",
				"${BUILT_PRODUCTS_DIR}/GTMSessionFetcher/GTMSessionFetcher.framework",
				"${BUILT_PRODUCTS_DIR}/GoogleUtilities/GoogleUtilities.framework",
				"${BUILT_PRODUCTS_DIR}/Kingfisher/Kingfisher.framework",
				"${BUILT_PRODUCTS_DIR}/Koloda/Koloda.framework",
				"${BUILT_PRODUCTS_DIR}/Realm/Realm.framework",
				"${BUILT_PRODUCTS_DIR}/RealmSwift/RealmSwift.framework",
				"${BUILT_PRODUCTS_DIR}/SwiftyJSON/SwiftyJSON.framework",
				"${BUILT_PRODUCTS_DIR}/leveldb-library/leveldb.framework",
				"${BUILT_PRODUCTS_DIR}/nanopb/nanopb.framework",
				"${BUILT_PRODUCTS_DIR}/pop/pop.framework",
			);
			name = "[CP] Embed Pods Frameworks";
			outputPaths = (
				"${TARGET_BUILD_DIR}/${FRAMEWORKS_FOLDER_PATH}/Alamofire.framework",
				"${TARGET_BUILD_DIR}/${FRAMEWORKS_FOLDER_PATH}/GTMSessionFetcher.framework",
				"${TARGET_BUILD_DIR}/${FRAMEWORKS_FOLDER_PATH}/GoogleUtilities.framework",
				"${TARGET_BUILD_DIR}/${FRAMEWORKS_FOLDER_PATH}/Kingfisher.framework",
				"${TARGET_BUILD_DIR}/${FRAMEWORKS_FOLDER_PATH}/Koloda.framework",
				"${TARGET_BUILD_DIR}/${FRAMEWORKS_FOLDER_PATH}/Realm.framework",
				"${TARGET_BUILD_DIR}/${FRAMEWORKS_FOLDER_PATH}/RealmSwift.framework",
				"${TARGET_BUILD_DIR}/${FRAMEWORKS_FOLDER_PATH}/SwiftyJSON.framework",
				"${TARGET_BUILD_DIR}/${FRAMEWORKS_FOLDER_PATH}/leveldb.framework",
				"${TARGET_BUILD_DIR}/${FRAMEWORKS_FOLDER_PATH}/nanopb.framework",
				"${TARGET_BUILD_DIR}/${FRAMEWORKS_FOLDER_PATH}/pop.framework",
			);
			runOnlyForDeploymentPostprocessing = 0;
			shellPath = /bin/sh;
			shellScript = "\"${SRCROOT}/Pods/Target Support Files/Pods-RecipeFlicker-RecipeFlickerUITests/Pods-RecipeFlicker-RecipeFlickerUITests-frameworks.sh\"\n";
			showEnvVarsInLog = 0;
		};
		9E8DF72A0A27E7FC781C567A /* [CP] Embed Pods Frameworks */ = {
			isa = PBXShellScriptBuildPhase;
			buildActionMask = 2147483647;
			files = (
			);
			inputPaths = (
				"${SRCROOT}/Pods/Target Support Files/Pods-RecipeFlicker/Pods-RecipeFlicker-frameworks.sh",
				"${BUILT_PRODUCTS_DIR}/Alamofire/Alamofire.framework",
				"${BUILT_PRODUCTS_DIR}/GTMSessionFetcher/GTMSessionFetcher.framework",
				"${BUILT_PRODUCTS_DIR}/GoogleUtilities/GoogleUtilities.framework",
				"${BUILT_PRODUCTS_DIR}/Kingfisher/Kingfisher.framework",
				"${BUILT_PRODUCTS_DIR}/Koloda/Koloda.framework",
				"${BUILT_PRODUCTS_DIR}/Realm/Realm.framework",
				"${BUILT_PRODUCTS_DIR}/RealmSwift/RealmSwift.framework",
				"${BUILT_PRODUCTS_DIR}/SwiftyJSON/SwiftyJSON.framework",
				"${BUILT_PRODUCTS_DIR}/leveldb-library/leveldb.framework",
				"${BUILT_PRODUCTS_DIR}/nanopb/nanopb.framework",
				"${BUILT_PRODUCTS_DIR}/pop/pop.framework",
			);
			name = "[CP] Embed Pods Frameworks";
			outputPaths = (
				"${TARGET_BUILD_DIR}/${FRAMEWORKS_FOLDER_PATH}/Alamofire.framework",
				"${TARGET_BUILD_DIR}/${FRAMEWORKS_FOLDER_PATH}/GTMSessionFetcher.framework",
				"${TARGET_BUILD_DIR}/${FRAMEWORKS_FOLDER_PATH}/GoogleUtilities.framework",
				"${TARGET_BUILD_DIR}/${FRAMEWORKS_FOLDER_PATH}/Kingfisher.framework",
				"${TARGET_BUILD_DIR}/${FRAMEWORKS_FOLDER_PATH}/Koloda.framework",
				"${TARGET_BUILD_DIR}/${FRAMEWORKS_FOLDER_PATH}/Realm.framework",
				"${TARGET_BUILD_DIR}/${FRAMEWORKS_FOLDER_PATH}/RealmSwift.framework",
				"${TARGET_BUILD_DIR}/${FRAMEWORKS_FOLDER_PATH}/SwiftyJSON.framework",
				"${TARGET_BUILD_DIR}/${FRAMEWORKS_FOLDER_PATH}/leveldb.framework",
				"${TARGET_BUILD_DIR}/${FRAMEWORKS_FOLDER_PATH}/nanopb.framework",
				"${TARGET_BUILD_DIR}/${FRAMEWORKS_FOLDER_PATH}/pop.framework",
			);
			runOnlyForDeploymentPostprocessing = 0;
			shellPath = /bin/sh;
			shellScript = "\"${SRCROOT}/Pods/Target Support Files/Pods-RecipeFlicker/Pods-RecipeFlicker-frameworks.sh\"\n";
			showEnvVarsInLog = 0;
		};
		E9FB3D5207D0FF0495554330 /* [CP] Check Pods Manifest.lock */ = {
			isa = PBXShellScriptBuildPhase;
			buildActionMask = 2147483647;
			files = (
			);
			inputPaths = (
				"${PODS_PODFILE_DIR_PATH}/Podfile.lock",
				"${PODS_ROOT}/Manifest.lock",
			);
			name = "[CP] Check Pods Manifest.lock";
			outputPaths = (
				"$(DERIVED_FILE_DIR)/Pods-RecipeFlicker-RecipeFlickerUITests-checkManifestLockResult.txt",
			);
			runOnlyForDeploymentPostprocessing = 0;
			shellPath = /bin/sh;
			shellScript = "diff \"${PODS_PODFILE_DIR_PATH}/Podfile.lock\" \"${PODS_ROOT}/Manifest.lock\" > /dev/null\nif [ $? != 0 ] ; then\n    # print error to STDERR\n    echo \"error: The sandbox is not in sync with the Podfile.lock. Run 'pod install' or update your CocoaPods installation.\" >&2\n    exit 1\nfi\n# This output is used by Xcode 'outputs' to avoid re-running this script phase.\necho \"SUCCESS\" > \"${SCRIPT_OUTPUT_FILE_0}\"\n";
			showEnvVarsInLog = 0;
		};
		FA7080D2007D704B73A22B69 /* [CP] Check Pods Manifest.lock */ = {
			isa = PBXShellScriptBuildPhase;
			buildActionMask = 2147483647;
			files = (
			);
			inputPaths = (
				"${PODS_PODFILE_DIR_PATH}/Podfile.lock",
				"${PODS_ROOT}/Manifest.lock",
			);
			name = "[CP] Check Pods Manifest.lock";
			outputPaths = (
				"$(DERIVED_FILE_DIR)/Pods-RecipeFlicker-RecipeFlickerTests-checkManifestLockResult.txt",
			);
			runOnlyForDeploymentPostprocessing = 0;
			shellPath = /bin/sh;
			shellScript = "diff \"${PODS_PODFILE_DIR_PATH}/Podfile.lock\" \"${PODS_ROOT}/Manifest.lock\" > /dev/null\nif [ $? != 0 ] ; then\n    # print error to STDERR\n    echo \"error: The sandbox is not in sync with the Podfile.lock. Run 'pod install' or update your CocoaPods installation.\" >&2\n    exit 1\nfi\n# This output is used by Xcode 'outputs' to avoid re-running this script phase.\necho \"SUCCESS\" > \"${SCRIPT_OUTPUT_FILE_0}\"\n";
			showEnvVarsInLog = 0;
		};
/* End PBXShellScriptBuildPhase section */

/* Begin PBXSourcesBuildPhase section */
		ED599C8321757B3C0007E929 /* Sources */ = {
			isa = PBXSourcesBuildPhase;
			buildActionMask = 2147483647;
			files = (
				ED0AFC1A2175C7A1009A2976 /* DetailVC.swift in Sources */,
				EDC84661217FDB6200C3543A /* UITextView+Extensions.swift in Sources */,
				D89711F8218A110B00CF7EF1 /* ReplicaRecipeFactory.swift in Sources */,
				D8376C92218935A400E2404A /* CollectionViewCellForList.swift in Sources */,
				EDC8465D217FC4A600C3543A /* Colors.swift in Sources */,
				D8CF7B0021823C9C00979729 /* GridFlowLayout.swift in Sources */,
				ED87083C21962A6F008675C5 /* UILabel+Extensions.swift in Sources */,
				EDC64794218C29980000DF9F /* UItableView+Extensions.swift in Sources */,
				ED0AFC112175C602009A2976 /* FavoriteVC.swift in Sources */,
				D8F128E12188F7BA00DABF2F /* ReplicaRecipe.swift in Sources */,
				EDC64797218C2B0A0000DF9F /* RLMUser.swift in Sources */,
				EDAC6201218E115400C2DB22 /* SelectReciepsToAddVC.swift in Sources */,
				ED84CD38217E43F8009300C8 /* Recipe.swift in Sources */,
				ED599C8D21757B3C0007E929 /* HomeVC.swift in Sources */,
				EDAC61FC218E0D1900C2DB22 /* AddCollectionVC.swift in Sources */,
				ED599C8B21757B3C0007E929 /* AppDelegate.swift in Sources */,
				EDC84660217FDB6200C3543A /* UITextField+Extensions.swift in Sources */,
				EDC64795218C29980000DF9F /* UICollectionView+Extensions.swift in Sources */,
				D8F128DF2188DBEA00DABF2F /* ListFlowLayout.swift in Sources */,
				ED422676218FC807004F92BA /* Collection.swift in Sources */,
				EDE38B1B21765EDC00D088EF /* RecipeAPI.swift in Sources */,
				EDC84667217FFD3600C3543A /* CardView.swift in Sources */,
				EDFAA31E218FF6E400EF99D1 /* RecipeListTableViewCell.swift in Sources */,
				D8376C94218935B900E2404A /* CollectionViewCellForGrid.swift in Sources */,
				D8DFF6922198B652004C3558 /* CollectionVC.swift in Sources */,
				ED64A8382195410F00C62ADD /* Constants.swift in Sources */,
			);
			runOnlyForDeploymentPostprocessing = 0;
		};
		ED599C9A21757B3D0007E929 /* Sources */ = {
			isa = PBXSourcesBuildPhase;
			buildActionMask = 2147483647;
			files = (
				ED599CA321757B3D0007E929 /* RecipeFlickerTests.swift in Sources */,
			);
			runOnlyForDeploymentPostprocessing = 0;
		};
		ED599CA521757B3D0007E929 /* Sources */ = {
			isa = PBXSourcesBuildPhase;
			buildActionMask = 2147483647;
			files = (
				ED599CAE21757B3D0007E929 /* RecipeFlickerUITests.swift in Sources */,
			);
			runOnlyForDeploymentPostprocessing = 0;
		};
/* End PBXSourcesBuildPhase section */

/* Begin PBXTargetDependency section */
		ED599CA021757B3D0007E929 /* PBXTargetDependency */ = {
			isa = PBXTargetDependency;
			target = ED599C8621757B3C0007E929 /* RecipeFlicker */;
			targetProxy = ED599C9F21757B3D0007E929 /* PBXContainerItemProxy */;
		};
		ED599CAB21757B3D0007E929 /* PBXTargetDependency */ = {
			isa = PBXTargetDependency;
			target = ED599C8621757B3C0007E929 /* RecipeFlicker */;
			targetProxy = ED599CAA21757B3D0007E929 /* PBXContainerItemProxy */;
		};
/* End PBXTargetDependency section */

/* Begin PBXVariantGroup section */
		ED599C8E21757B3C0007E929 /* Main.storyboard */ = {
			isa = PBXVariantGroup;
			children = (
				ED599C8F21757B3C0007E929 /* Base */,
			);
			name = Main.storyboard;
			sourceTree = "<group>";
		};
		ED599C9621757B3D0007E929 /* LaunchScreen.storyboard */ = {
			isa = PBXVariantGroup;
			children = (
				ED599C9721757B3D0007E929 /* Base */,
			);
			name = LaunchScreen.storyboard;
			sourceTree = "<group>";
		};
/* End PBXVariantGroup section */

/* Begin XCBuildConfiguration section */
		ED599CB021757B3D0007E929 /* Debug */ = {
			isa = XCBuildConfiguration;
			buildSettings = {
				ALWAYS_SEARCH_USER_PATHS = NO;
				CLANG_ANALYZER_NONNULL = YES;
				CLANG_ANALYZER_NUMBER_OBJECT_CONVERSION = YES_AGGRESSIVE;
				CLANG_CXX_LANGUAGE_STANDARD = "gnu++14";
				CLANG_CXX_LIBRARY = "libc++";
				CLANG_ENABLE_MODULES = YES;
				CLANG_ENABLE_OBJC_ARC = YES;
				CLANG_ENABLE_OBJC_WEAK = YES;
				CLANG_WARN_BLOCK_CAPTURE_AUTORELEASING = YES;
				CLANG_WARN_BOOL_CONVERSION = YES;
				CLANG_WARN_COMMA = YES;
				CLANG_WARN_CONSTANT_CONVERSION = YES;
				CLANG_WARN_DEPRECATED_OBJC_IMPLEMENTATIONS = YES;
				CLANG_WARN_DIRECT_OBJC_ISA_USAGE = YES_ERROR;
				CLANG_WARN_DOCUMENTATION_COMMENTS = YES;
				CLANG_WARN_EMPTY_BODY = YES;
				CLANG_WARN_ENUM_CONVERSION = YES;
				CLANG_WARN_INFINITE_RECURSION = YES;
				CLANG_WARN_INT_CONVERSION = YES;
				CLANG_WARN_NON_LITERAL_NULL_CONVERSION = YES;
				CLANG_WARN_OBJC_IMPLICIT_RETAIN_SELF = YES;
				CLANG_WARN_OBJC_LITERAL_CONVERSION = YES;
				CLANG_WARN_OBJC_ROOT_CLASS = YES_ERROR;
				CLANG_WARN_RANGE_LOOP_ANALYSIS = YES;
				CLANG_WARN_STRICT_PROTOTYPES = YES;
				CLANG_WARN_SUSPICIOUS_MOVE = YES;
				CLANG_WARN_UNGUARDED_AVAILABILITY = YES_AGGRESSIVE;
				CLANG_WARN_UNREACHABLE_CODE = YES;
				CLANG_WARN__DUPLICATE_METHOD_MATCH = YES;
				CODE_SIGN_IDENTITY = "iPhone Developer";
				COPY_PHASE_STRIP = NO;
				DEBUG_INFORMATION_FORMAT = dwarf;
				ENABLE_STRICT_OBJC_MSGSEND = YES;
				ENABLE_TESTABILITY = YES;
				GCC_C_LANGUAGE_STANDARD = gnu11;
				GCC_DYNAMIC_NO_PIC = NO;
				GCC_NO_COMMON_BLOCKS = YES;
				GCC_OPTIMIZATION_LEVEL = 0;
				GCC_PREPROCESSOR_DEFINITIONS = (
					"DEBUG=1",
					"$(inherited)",
				);
				GCC_WARN_64_TO_32_BIT_CONVERSION = YES;
				GCC_WARN_ABOUT_RETURN_TYPE = YES_ERROR;
				GCC_WARN_UNDECLARED_SELECTOR = YES;
				GCC_WARN_UNINITIALIZED_AUTOS = YES_AGGRESSIVE;
				GCC_WARN_UNUSED_FUNCTION = YES;
				GCC_WARN_UNUSED_VARIABLE = YES;
				IPHONEOS_DEPLOYMENT_TARGET = 12.0;
				MTL_ENABLE_DEBUG_INFO = INCLUDE_SOURCE;
				MTL_FAST_MATH = YES;
				ONLY_ACTIVE_ARCH = YES;
				SDKROOT = iphoneos;
				SWIFT_ACTIVE_COMPILATION_CONDITIONS = DEBUG;
				SWIFT_OPTIMIZATION_LEVEL = "-Onone";
			};
			name = Debug;
		};
		ED599CB121757B3D0007E929 /* Release */ = {
			isa = XCBuildConfiguration;
			buildSettings = {
				ALWAYS_SEARCH_USER_PATHS = NO;
				CLANG_ANALYZER_NONNULL = YES;
				CLANG_ANALYZER_NUMBER_OBJECT_CONVERSION = YES_AGGRESSIVE;
				CLANG_CXX_LANGUAGE_STANDARD = "gnu++14";
				CLANG_CXX_LIBRARY = "libc++";
				CLANG_ENABLE_MODULES = YES;
				CLANG_ENABLE_OBJC_ARC = YES;
				CLANG_ENABLE_OBJC_WEAK = YES;
				CLANG_WARN_BLOCK_CAPTURE_AUTORELEASING = YES;
				CLANG_WARN_BOOL_CONVERSION = YES;
				CLANG_WARN_COMMA = YES;
				CLANG_WARN_CONSTANT_CONVERSION = YES;
				CLANG_WARN_DEPRECATED_OBJC_IMPLEMENTATIONS = YES;
				CLANG_WARN_DIRECT_OBJC_ISA_USAGE = YES_ERROR;
				CLANG_WARN_DOCUMENTATION_COMMENTS = YES;
				CLANG_WARN_EMPTY_BODY = YES;
				CLANG_WARN_ENUM_CONVERSION = YES;
				CLANG_WARN_INFINITE_RECURSION = YES;
				CLANG_WARN_INT_CONVERSION = YES;
				CLANG_WARN_NON_LITERAL_NULL_CONVERSION = YES;
				CLANG_WARN_OBJC_IMPLICIT_RETAIN_SELF = YES;
				CLANG_WARN_OBJC_LITERAL_CONVERSION = YES;
				CLANG_WARN_OBJC_ROOT_CLASS = YES_ERROR;
				CLANG_WARN_RANGE_LOOP_ANALYSIS = YES;
				CLANG_WARN_STRICT_PROTOTYPES = YES;
				CLANG_WARN_SUSPICIOUS_MOVE = YES;
				CLANG_WARN_UNGUARDED_AVAILABILITY = YES_AGGRESSIVE;
				CLANG_WARN_UNREACHABLE_CODE = YES;
				CLANG_WARN__DUPLICATE_METHOD_MATCH = YES;
				CODE_SIGN_IDENTITY = "iPhone Developer";
				COPY_PHASE_STRIP = NO;
				DEBUG_INFORMATION_FORMAT = "dwarf-with-dsym";
				ENABLE_NS_ASSERTIONS = NO;
				ENABLE_STRICT_OBJC_MSGSEND = YES;
				GCC_C_LANGUAGE_STANDARD = gnu11;
				GCC_NO_COMMON_BLOCKS = YES;
				GCC_WARN_64_TO_32_BIT_CONVERSION = YES;
				GCC_WARN_ABOUT_RETURN_TYPE = YES_ERROR;
				GCC_WARN_UNDECLARED_SELECTOR = YES;
				GCC_WARN_UNINITIALIZED_AUTOS = YES_AGGRESSIVE;
				GCC_WARN_UNUSED_FUNCTION = YES;
				GCC_WARN_UNUSED_VARIABLE = YES;
				IPHONEOS_DEPLOYMENT_TARGET = 12.0;
				MTL_ENABLE_DEBUG_INFO = NO;
				MTL_FAST_MATH = YES;
				SDKROOT = iphoneos;
				SWIFT_COMPILATION_MODE = wholemodule;
				SWIFT_OPTIMIZATION_LEVEL = "-O";
				VALIDATE_PRODUCT = YES;
			};
			name = Release;
		};
		ED599CB321757B3D0007E929 /* Debug */ = {
			isa = XCBuildConfiguration;
			baseConfigurationReference = AFF8DCB4FF23BC923C4A7893 /* Pods-RecipeFlicker.debug.xcconfig */;
			buildSettings = {
				ASSETCATALOG_COMPILER_APPICON_NAME = AppIcon;
				CODE_SIGN_STYLE = Automatic;
				DEVELOPMENT_TEAM = V4XVL227B6;
				INFOPLIST_FILE = RecipeFlicker/Info.plist;
				LD_RUNPATH_SEARCH_PATHS = (
					"$(inherited)",
					"@executable_path/Frameworks",
				);
				PRODUCT_BUNDLE_IDENTIFIER = com.kentakodashima.RecipeFlicker;
				PRODUCT_NAME = "$(TARGET_NAME)";
				SWIFT_VERSION = 4.2;
				TARGETED_DEVICE_FAMILY = "1,2";
			};
			name = Debug;
		};
		ED599CB421757B3D0007E929 /* Release */ = {
			isa = XCBuildConfiguration;
			baseConfigurationReference = EDC53CB3654CC760F1E35277 /* Pods-RecipeFlicker.release.xcconfig */;
			buildSettings = {
				ASSETCATALOG_COMPILER_APPICON_NAME = AppIcon;
				CODE_SIGN_STYLE = Automatic;
				DEVELOPMENT_TEAM = V4XVL227B6;
				INFOPLIST_FILE = RecipeFlicker/Info.plist;
				LD_RUNPATH_SEARCH_PATHS = (
					"$(inherited)",
					"@executable_path/Frameworks",
				);
				PRODUCT_BUNDLE_IDENTIFIER = com.kentakodashima.RecipeFlicker;
				PRODUCT_NAME = "$(TARGET_NAME)";
				SWIFT_VERSION = 4.2;
				TARGETED_DEVICE_FAMILY = "1,2";
			};
			name = Release;
		};
		ED599CB621757B3D0007E929 /* Debug */ = {
			isa = XCBuildConfiguration;
			baseConfigurationReference = 25BD10DFEDF1CB1DB1E20795 /* Pods-RecipeFlicker-RecipeFlickerTests.debug.xcconfig */;
			buildSettings = {
				ALWAYS_EMBED_SWIFT_STANDARD_LIBRARIES = "$(inherited)";
				BUNDLE_LOADER = "$(TEST_HOST)";
				CODE_SIGN_STYLE = Automatic;
				DEVELOPMENT_TEAM = V4XVL227B6;
				HEADER_SEARCH_PATHS = (
					"$(inherited)",
					"${PODS_ROOT}/Firebase/CoreOnly/Sources",
				);
				INFOPLIST_FILE = RecipeFlickerTests/Info.plist;
				LD_RUNPATH_SEARCH_PATHS = (
					"$(inherited)",
					"@executable_path/Frameworks",
					"@loader_path/Frameworks",
				);
				PRODUCT_BUNDLE_IDENTIFIER = com.kentakodashima.RecipeFlickerTests;
				PRODUCT_NAME = "$(TARGET_NAME)";
				SWIFT_VERSION = 4.2;
				TARGETED_DEVICE_FAMILY = "1,2";
				TEST_HOST = "$(BUILT_PRODUCTS_DIR)/RecipeFlicker.app/RecipeFlicker";
			};
			name = Debug;
		};
		ED599CB721757B3D0007E929 /* Release */ = {
			isa = XCBuildConfiguration;
			baseConfigurationReference = D9AA5377724BE8528660A2F7 /* Pods-RecipeFlicker-RecipeFlickerTests.release.xcconfig */;
			buildSettings = {
				ALWAYS_EMBED_SWIFT_STANDARD_LIBRARIES = "$(inherited)";
				BUNDLE_LOADER = "$(TEST_HOST)";
				CODE_SIGN_STYLE = Automatic;
				DEVELOPMENT_TEAM = V4XVL227B6;
				HEADER_SEARCH_PATHS = (
					"$(inherited)",
					"${PODS_ROOT}/Firebase/CoreOnly/Sources",
				);
				INFOPLIST_FILE = RecipeFlickerTests/Info.plist;
				LD_RUNPATH_SEARCH_PATHS = (
					"$(inherited)",
					"@executable_path/Frameworks",
					"@loader_path/Frameworks",
				);
				PRODUCT_BUNDLE_IDENTIFIER = com.kentakodashima.RecipeFlickerTests;
				PRODUCT_NAME = "$(TARGET_NAME)";
				SWIFT_VERSION = 4.2;
				TARGETED_DEVICE_FAMILY = "1,2";
				TEST_HOST = "$(BUILT_PRODUCTS_DIR)/RecipeFlicker.app/RecipeFlicker";
			};
			name = Release;
		};
		ED599CB921757B3D0007E929 /* Debug */ = {
			isa = XCBuildConfiguration;
			baseConfigurationReference = C5BBB698E04B1BCC87E94112 /* Pods-RecipeFlicker-RecipeFlickerUITests.debug.xcconfig */;
			buildSettings = {
				ALWAYS_EMBED_SWIFT_STANDARD_LIBRARIES = "$(inherited)";
				CODE_SIGN_STYLE = Automatic;
				DEVELOPMENT_TEAM = V4XVL227B6;
				INFOPLIST_FILE = RecipeFlickerUITests/Info.plist;
				LD_RUNPATH_SEARCH_PATHS = (
					"$(inherited)",
					"@executable_path/Frameworks",
					"@loader_path/Frameworks",
				);
				PRODUCT_BUNDLE_IDENTIFIER = com.kentakodashima.RecipeFlickerUITests;
				PRODUCT_NAME = "$(TARGET_NAME)";
				SWIFT_VERSION = 4.2;
				TARGETED_DEVICE_FAMILY = "1,2";
				TEST_TARGET_NAME = RecipeFlicker;
			};
			name = Debug;
		};
		ED599CBA21757B3D0007E929 /* Release */ = {
			isa = XCBuildConfiguration;
			baseConfigurationReference = 1E38D44694D0529CE536EC0D /* Pods-RecipeFlicker-RecipeFlickerUITests.release.xcconfig */;
			buildSettings = {
				ALWAYS_EMBED_SWIFT_STANDARD_LIBRARIES = "$(inherited)";
				CODE_SIGN_STYLE = Automatic;
				DEVELOPMENT_TEAM = V4XVL227B6;
				INFOPLIST_FILE = RecipeFlickerUITests/Info.plist;
				LD_RUNPATH_SEARCH_PATHS = (
					"$(inherited)",
					"@executable_path/Frameworks",
					"@loader_path/Frameworks",
				);
				PRODUCT_BUNDLE_IDENTIFIER = com.kentakodashima.RecipeFlickerUITests;
				PRODUCT_NAME = "$(TARGET_NAME)";
				SWIFT_VERSION = 4.2;
				TARGETED_DEVICE_FAMILY = "1,2";
				TEST_TARGET_NAME = RecipeFlicker;
			};
			name = Release;
		};
/* End XCBuildConfiguration section */

/* Begin XCConfigurationList section */
		ED599C8221757B3C0007E929 /* Build configuration list for PBXProject "RecipeFlicker" */ = {
			isa = XCConfigurationList;
			buildConfigurations = (
				ED599CB021757B3D0007E929 /* Debug */,
				ED599CB121757B3D0007E929 /* Release */,
			);
			defaultConfigurationIsVisible = 0;
			defaultConfigurationName = Release;
		};
		ED599CB221757B3D0007E929 /* Build configuration list for PBXNativeTarget "RecipeFlicker" */ = {
			isa = XCConfigurationList;
			buildConfigurations = (
				ED599CB321757B3D0007E929 /* Debug */,
				ED599CB421757B3D0007E929 /* Release */,
			);
			defaultConfigurationIsVisible = 0;
			defaultConfigurationName = Release;
		};
		ED599CB521757B3D0007E929 /* Build configuration list for PBXNativeTarget "RecipeFlickerTests" */ = {
			isa = XCConfigurationList;
			buildConfigurations = (
				ED599CB621757B3D0007E929 /* Debug */,
				ED599CB721757B3D0007E929 /* Release */,
			);
			defaultConfigurationIsVisible = 0;
			defaultConfigurationName = Release;
		};
		ED599CB821757B3D0007E929 /* Build configuration list for PBXNativeTarget "RecipeFlickerUITests" */ = {
			isa = XCConfigurationList;
			buildConfigurations = (
				ED599CB921757B3D0007E929 /* Debug */,
				ED599CBA21757B3D0007E929 /* Release */,
			);
			defaultConfigurationIsVisible = 0;
			defaultConfigurationName = Release;
		};
/* End XCConfigurationList section */
	};
	rootObject = ED599C7F21757B3C0007E929 /* Project object */;
}
