PODS:
  - Alamofire (4.7.3)
  - Firebase/Auth (5.10.0):
    - Firebase/CoreOnly
    - FirebaseAuth (= 5.0.4)
  - Firebase/Core (5.10.0):
    - Firebase/CoreOnly
    - FirebaseAnalytics (= 5.2.0)
  - Firebase/CoreOnly (5.10.0):
    - FirebaseCore (= 5.1.5)
  - Firebase/Database (5.10.0):
    - Firebase/CoreOnly
    - FirebaseDatabase (= 5.0.3)
  - FirebaseAnalytics (5.2.0):
    - FirebaseCore (~> 5.1)
    - FirebaseInstanceID (~> 3.2)
    - GoogleAppMeasurement (~> 5.2)
    - GoogleUtilities/AppDelegateSwizzler (~> 5.2)
    - GoogleUtilities/MethodSwizzler (~> 5.2)
    - GoogleUtilities/Network (~> 5.2)
    - "GoogleUtilities/NSData+zlib (~> 5.2)"
    - nanopb (~> 0.3)
  - FirebaseAuth (5.0.4):
    - FirebaseAuthInterop (~> 1.0)
    - FirebaseCore (~> 5.0)
    - GoogleUtilities/Environment (~> 5.2)
    - GTMSessionFetcher/Core (~> 1.1)
  - FirebaseAuthInterop (1.0.0)
  - FirebaseCore (5.1.5):
    - GoogleUtilities/Logger (~> 5.2)
  - FirebaseDatabase (5.0.3):
    - FirebaseCore (~> 5.0)
    - leveldb-library (~> 1.18)
  - FirebaseInstanceID (3.2.2):
    - FirebaseCore (~> 5.1)
    - GoogleUtilities/Environment (~> 5.3)
    - GoogleUtilities/UserDefaults (~> 5.3)
  - GoogleAppMeasurement (5.2.0):
    - GoogleUtilities/AppDelegateSwizzler (~> 5.2)
    - GoogleUtilities/MethodSwizzler (~> 5.2)
    - GoogleUtilities/Network (~> 5.2)
    - "GoogleUtilities/NSData+zlib (~> 5.2)"
    - nanopb (~> 0.3)
  - GoogleUtilities/AppDelegateSwizzler (5.3.3):
    - GoogleUtilities/Environment
    - GoogleUtilities/Logger
    - GoogleUtilities/Network
  - GoogleUtilities/Environment (5.3.3)
  - GoogleUtilities/Logger (5.3.3):
    - GoogleUtilities/Environment
  - GoogleUtilities/MethodSwizzler (5.3.3):
    - GoogleUtilities/Logger
  - GoogleUtilities/Network (5.3.3):
    - GoogleUtilities/Logger
    - "GoogleUtilities/NSData+zlib"
    - GoogleUtilities/Reachability
  - "GoogleUtilities/NSData+zlib (5.3.3)"
  - GoogleUtilities/Reachability (5.3.3):
    - GoogleUtilities/Logger
  - GoogleUtilities/UserDefaults (5.3.3):
    - GoogleUtilities/Logger
  - GTMSessionFetcher/Core (1.2.0)
  - Kingfisher (4.10.0)
  - Koloda (4.5.1):
    - pop (~> 1.0)
  - leveldb-library (1.20)
  - nanopb (0.3.8):
    - nanopb/decode (= 0.3.8)
    - nanopb/encode (= 0.3.8)
  - nanopb/decode (0.3.8)
  - nanopb/encode (0.3.8)
  - pop (1.0.12)
  - Realm (3.11.1):
    - Realm/Headers (= 3.11.1)
  - Realm/Headers (3.11.1)
  - RealmSwift (3.11.1):
    - Realm (= 3.11.1)
  - SwiftyJSON (4.2.0)

DEPENDENCIES:
  - Alamofire (~> 4.7)
  - Firebase/Auth
  - Firebase/Core
  - Firebase/Database
  - Kingfisher (~> 4.0)
  - Koloda (~> 4.5)
  - RealmSwift (~> 3.1)
  - SwiftyJSON (~> 4.2)

SPEC REPOS:
  https://github.com/cocoapods/specs.git:
    - Alamofire
    - Firebase
    - FirebaseAnalytics
    - FirebaseAuth
    - FirebaseAuthInterop
    - FirebaseCore
    - FirebaseDatabase
    - FirebaseInstanceID
    - GoogleAppMeasurement
    - GoogleUtilities
    - GTMSessionFetcher
    - Kingfisher
    - Koloda
    - leveldb-library
    - nanopb
    - pop
    - Realm
    - RealmSwift
    - SwiftyJSON

SPEC CHECKSUMS:
  Alamofire: c7287b6e5d7da964a70935e5db17046b7fde6568
  Firebase: 6691d47562a780c26281ce8464518faafc90c610
  FirebaseAnalytics: 831f1f127f4a75698e9875a87bf7e2668730d953
  FirebaseAuth: 504b198ceb3472dca5c65bb95544ea44cfc9439e
  FirebaseAuthInterop: 0ffa57668be100582bb7643d4fcb7615496c41fc
  FirebaseCore: c6079de64c1a87000e52e9b408dddcadc901177f
  FirebaseDatabase: e2bcbc106adc4b11a2da3ec2eb63c0c4a44f2f54
  FirebaseInstanceID: 78ba376fcd5b94c001f9999b2cbd3d1f1e56e78d
  GoogleAppMeasurement: 2b3a023a61239c8d002e6e4fcf4abce8eddce0e0
  GoogleUtilities: 8208aee3e97a1ae93d44c57e96c476a5a3b03f0a
  GTMSessionFetcher: 0c4baf0a73acd0041bf9f71ea018deedab5ea84e
  Kingfisher: 43c4b802d8b5256cf1f4379e9cd10b329be6d3e2
  Koloda: fc08984dc013b4d5aff3bd7265a8874e6784b5ef
  leveldb-library: 08cba283675b7ed2d99629a4bc5fd052cd2bb6a5
  nanopb: 5601e6bca2dbf1ed831b519092ec110f66982ca3
  pop: d582054913807fd11fd50bfe6a539d91c7e1a55a
  Realm: 037c5919b9ceb59d6beed5d3b031096856b119b3
  RealmSwift: c9580133e73ef40ed340401af2dbc9a5790dfea7
  SwiftyJSON: c4bcba26dd9ec7a027fc8eade48e2c911f229e96

PODFILE CHECKSUM: 93b891700408cd7155b6cbd62a34da31696617e5

COCOAPODS: 1.5.3
